
Microsoft Visual Studio Solution File, Format Version 12.00
# Visual Studio Version 16
VisualStudioVersion = 16.0.29709.97
MinimumVisualStudioVersion = 10.0.40219.1
Project("{FAE04EC0-301F-11D3-BF4B-00C04F79EFBC}") = "TicTacToe", "TicTacToe.csproj", "{BB1A6FE4-F8B1-4EA4-8F91-571BDB68B48B}"
EndProject
Global
	GlobalSection(SolutionConfigurationPlatforms) = preSolution
		Debug|Any CPU = Debug|Any CPU
		Release|Any CPU = Release|Any CPU
	EndGlobalSection
	GlobalSection(ProjectConfigurationPlatforms) = postSolution
		{BB1A6FE4-F8B1-4EA4-8F91-571BDB68B48B}.Debug|Any CPU.ActiveCfg = Debug|Any CPU
		{BB1A6FE4-F8B1-4EA4-8F91-571BDB68B48B}.Debug|Any CPU.Build.0 = Debug|Any CPU
		{BB1A6FE4-F8B1-4EA4-8F91-571BDB68B48B}.Release|Any CPU.ActiveCfg = Release|Any CPU
		{BB1A6FE4-F8B1-4EA4-8F91-571BDB68B48B}.Release|Any CPU.Build.0 = Release|Any CPU
	EndGlobalSection
	GlobalSection(SolutionProperties) = preSolution
		HideSolutionNode = FALSE
	EndGlobalSection
	GlobalSection(ExtensibilityGlobals) = postSolution
		SolutionGuid = {904F67C6-D966-4E97-8818-DEA49F61CA37}
	EndGlobalSection
EndGlobal
